// !$*UTF8*$!
{
	archiveVersion = 1;
	classes = {
	};
	objectVersion = 56;
	objects = {

/* Begin PBXBuildFile section */
		2713DD9E2A81632600F3C145 /* ErrorWrapper.swift in Sources */ = {isa = PBXBuildFile; fileRef = 2713DD9D2A81632600F3C145 /* ErrorWrapper.swift */; };
		2713DDA02A81668E00F3C145 /* ErrorView.swift in Sources */ = {isa = PBXBuildFile; fileRef = 2713DD9F2A81668E00F3C145 /* ErrorView.swift */; };
		2752401D2A774CE300A4E91D /* MeetingHeaderView.swift in Sources */ = {isa = PBXBuildFile; fileRef = 2752401C2A774CE300A4E91D /* MeetingHeaderView.swift */; };
		277290582A786F200021187F /* ScrumProgressViewStyle.swift in Sources */ = {isa = PBXBuildFile; fileRef = 277290572A786F200021187F /* ScrumProgressViewStyle.swift */; };
		2772905A2A7870620021187F /* ScrumTimer.swift in Sources */ = {isa = PBXBuildFile; fileRef = 277290592A7870620021187F /* ScrumTimer.swift */; };
		27BC4FA62A7DE64F00B84F98 /* ScrumStore.swift in Sources */ = {isa = PBXBuildFile; fileRef = 27BC4FA52A7DE64F00B84F98 /* ScrumStore.swift */; };
		27BEE51A2A78C73200D23913 /* MeetingFooterView.swift in Sources */ = {isa = PBXBuildFile; fileRef = 27BEE5192A78C73200D23913 /* MeetingFooterView.swift */; };
		27C786282A7473F600540E6E /* DetailEditView.swift in Sources */ = {isa = PBXBuildFile; fileRef = 27C786272A7473F600540E6E /* DetailEditView.swift */; };
		27C7862A2A75D38200540E6E /* ThemeView.swift in Sources */ = {isa = PBXBuildFile; fileRef = 27C786292A75D38200540E6E /* ThemeView.swift */; };
		27C7862C2A75D92F00540E6E /* ThemePicker.swift in Sources */ = {isa = PBXBuildFile; fileRef = 27C7862B2A75D92F00540E6E /* ThemePicker.swift */; };
		27CBCC482A7C0C1F00BA0EF2 /* NewScrumSheet.swift in Sources */ = {isa = PBXBuildFile; fileRef = 27CBCC472A7C0C1F00BA0EF2 /* NewScrumSheet.swift */; };
		27CBCC4A2A7C121C00BA0EF2 /* History.swift in Sources */ = {isa = PBXBuildFile; fileRef = 27CBCC492A7C121C00BA0EF2 /* History.swift */; };
		27CBCC4C2A7C171000BA0EF2 /* AVPlayer+Ding.swift in Sources */ = {isa = PBXBuildFile; fileRef = 27CBCC4B2A7C171000BA0EF2 /* AVPlayer+Ding.swift */; };
		27DC8C952A6DE1E600AC07F6 /* Theme.swift in Sources */ = {isa = PBXBuildFile; fileRef = 27DC8C942A6DE1E600AC07F6 /* Theme.swift */; };
		27DC8C972A6DE2FA00AC07F6 /* DailyScrum.swift in Sources */ = {isa = PBXBuildFile; fileRef = 27DC8C962A6DE2FA00AC07F6 /* DailyScrum.swift */; };
		27DC8C992A6DE41500AC07F6 /* CardView.swift in Sources */ = {isa = PBXBuildFile; fileRef = 27DC8C982A6DE41500AC07F6 /* CardView.swift */; };
		27DC8C9B2A6DE6D400AC07F6 /* TrailingIconLabelStyle.swift in Sources */ = {isa = PBXBuildFile; fileRef = 27DC8C9A2A6DE6D400AC07F6 /* TrailingIconLabelStyle.swift */; };
		27DC8C9D2A6F28CE00AC07F6 /* ScrumsView.swift in Sources */ = {isa = PBXBuildFile; fileRef = 27DC8C9C2A6F28CE00AC07F6 /* ScrumsView.swift */; };
		27DC8C9F2A7304A800AC07F6 /* DetailView.swift in Sources */ = {isa = PBXBuildFile; fileRef = 27DC8C9E2A7304A800AC07F6 /* DetailView.swift */; };
		AAAE8020294793AB0099DABC /* ScrumdingerApp.swift in Sources */ = {isa = PBXBuildFile; fileRef = AAAE801F294793AB0099DABC /* ScrumdingerApp.swift */; };
		AAAE8022294793AB0099DABC /* MeetingView.swift in Sources */ = {isa = PBXBuildFile; fileRef = AAAE8021294793AB0099DABC /* MeetingView.swift */; };
		AAAE8024294793AB0099DABC /* Assets.xcassets in Resources */ = {isa = PBXBuildFile; fileRef = AAAE8023294793AB0099DABC /* Assets.xcassets */; };
		AAAE8027294793AB0099DABC /* Preview Assets.xcassets in Resources */ = {isa = PBXBuildFile; fileRef = AAAE8026294793AB0099DABC /* Preview Assets.xcassets */; };
/* End PBXBuildFile section */

/* Begin PBXFileReference section */
		2713DD9D2A81632600F3C145 /* ErrorWrapper.swift */ = {isa = PBXFileReference; lastKnownFileType = sourcecode.swift; path = ErrorWrapper.swift; sourceTree = "<group>"; };
		2713DD9F2A81668E00F3C145 /* ErrorView.swift */ = {isa = PBXFileReference; lastKnownFileType = sourcecode.swift; path = ErrorView.swift; sourceTree = "<group>"; };
		2752401C2A774CE300A4E91D /* MeetingHeaderView.swift */ = {isa = PBXFileReference; lastKnownFileType = sourcecode.swift; path = MeetingHeaderView.swift; sourceTree = "<group>"; };
		277290572A786F200021187F /* ScrumProgressViewStyle.swift */ = {isa = PBXFileReference; fileEncoding = 4; lastKnownFileType = sourcecode.swift; name = ScrumProgressViewStyle.swift; path = ../../../../../Downloads/ManagingStateAndLifeCycle/StartingProject/Scrumdinger/Views/ScrumProgressViewStyle.swift; sourceTree = "<group>"; };
		277290592A7870620021187F /* ScrumTimer.swift */ = {isa = PBXFileReference; fileEncoding = 4; lastKnownFileType = sourcecode.swift; name = ScrumTimer.swift; path = ../../../../../Downloads/ManagingStateAndLifeCycle/StartingProject/Scrumdinger/Models/ScrumTimer.swift; sourceTree = "<group>"; };
		27BC4FA52A7DE64F00B84F98 /* ScrumStore.swift */ = {isa = PBXFileReference; lastKnownFileType = sourcecode.swift; path = ScrumStore.swift; sourceTree = "<group>"; };
		27BEE5192A78C73200D23913 /* MeetingFooterView.swift */ = {isa = PBXFileReference; lastKnownFileType = sourcecode.swift; path = MeetingFooterView.swift; sourceTree = "<group>"; };
		27C786272A7473F600540E6E /* DetailEditView.swift */ = {isa = PBXFileReference; lastKnownFileType = sourcecode.swift; path = DetailEditView.swift; sourceTree = "<group>"; };
		27C786292A75D38200540E6E /* ThemeView.swift */ = {isa = PBXFileReference; lastKnownFileType = sourcecode.swift; path = ThemeView.swift; sourceTree = "<group>"; };
		27C7862B2A75D92F00540E6E /* ThemePicker.swift */ = {isa = PBXFileReference; lastKnownFileType = sourcecode.swift; path = ThemePicker.swift; sourceTree = "<group>"; };
		27CBCC472A7C0C1F00BA0EF2 /* NewScrumSheet.swift */ = {isa = PBXFileReference; lastKnownFileType = sourcecode.swift; path = NewScrumSheet.swift; sourceTree = "<group>"; };
		27CBCC492A7C121C00BA0EF2 /* History.swift */ = {isa = PBXFileReference; lastKnownFileType = sourcecode.swift; path = History.swift; sourceTree = "<group>"; };
		27CBCC4B2A7C171000BA0EF2 /* AVPlayer+Ding.swift */ = {isa = PBXFileReference; lastKnownFileType = sourcecode.swift; path = "AVPlayer+Ding.swift"; sourceTree = "<group>"; };
		27DC8C942A6DE1E600AC07F6 /* Theme.swift */ = {isa = PBXFileReference; lastKnownFileType = sourcecode.swift; path = Theme.swift; sourceTree = "<group>"; };
		27DC8C962A6DE2FA00AC07F6 /* DailyScrum.swift */ = {isa = PBXFileReference; lastKnownFileType = sourcecode.swift; path = DailyScrum.swift; sourceTree = "<group>"; };
		27DC8C982A6DE41500AC07F6 /* CardView.swift */ = {isa = PBXFileReference; lastKnownFileType = sourcecode.swift; path = CardView.swift; sourceTree = "<group>"; };
		27DC8C9A2A6DE6D400AC07F6 /* TrailingIconLabelStyle.swift */ = {isa = PBXFileReference; lastKnownFileType = sourcecode.swift; path = TrailingIconLabelStyle.swift; sourceTree = "<group>"; };
		27DC8C9C2A6F28CE00AC07F6 /* ScrumsView.swift */ = {isa = PBXFileReference; lastKnownFileType = sourcecode.swift; path = ScrumsView.swift; sourceTree = "<group>"; };
		27DC8C9E2A7304A800AC07F6 /* DetailView.swift */ = {isa = PBXFileReference; lastKnownFileType = sourcecode.swift; path = DetailView.swift; sourceTree = "<group>"; };
		27E49FB12A7C40E700E5033E /* ding.wav */ = {isa = PBXFileReference; lastKnownFileType = audio.wav; path = ding.wav; sourceTree = "<group>"; };
		AAAE801C294793AB0099DABC /* Scrumdinger.app */ = {isa = PBXFileReference; explicitFileType = wrapper.application; includeInIndex = 0; path = Scrumdinger.app; sourceTree = BUILT_PRODUCTS_DIR; };
		AAAE801F294793AB0099DABC /* ScrumdingerApp.swift */ = {isa = PBXFileReference; lastKnownFileType = sourcecode.swift; path = ScrumdingerApp.swift; sourceTree = "<group>"; };
		AAAE8021294793AB0099DABC /* MeetingView.swift */ = {isa = PBXFileReference; lastKnownFileType = sourcecode.swift; path = MeetingView.swift; sourceTree = "<group>"; };
		AAAE8023294793AB0099DABC /* Assets.xcassets */ = {isa = PBXFileReference; lastKnownFileType = folder.assetcatalog; path = Assets.xcassets; sourceTree = "<group>"; };
		AAAE8026294793AB0099DABC /* Preview Assets.xcassets */ = {isa = PBXFileReference; lastKnownFileType = folder.assetcatalog; path = "Preview Assets.xcassets"; sourceTree = "<group>"; };
		AAAE8030294795050099DABC /* SampleCode.xcconfig */ = {isa = PBXFileReference; fileEncoding = 4; lastKnownFileType = text.xcconfig; path = SampleCode.xcconfig; sourceTree = "<group>"; };
/* End PBXFileReference section */

/* Begin PBXFrameworksBuildPhase section */
		AAAE8019294793AB0099DABC /* Frameworks */ = {
			isa = PBXFrameworksBuildPhase;
			buildActionMask = 2147483647;
			files = (
			);
			runOnlyForDeploymentPostprocessing = 0;
		};
/* End PBXFrameworksBuildPhase section */

/* Begin PBXGroup section */
		27C786252A74737D00540E6E /* Styles */ = {
			isa = PBXGroup;
			children = (
				27DC8C9A2A6DE6D400AC07F6 /* TrailingIconLabelStyle.swift */,
			);
			path = Styles;
			sourceTree = "<group>";
		};
		27C786262A74739200540E6E /* Views */ = {
			isa = PBXGroup;
			children = (
				277290572A786F200021187F /* ScrumProgressViewStyle.swift */,
				27DC8C982A6DE41500AC07F6 /* CardView.swift */,
				AAAE8021294793AB0099DABC /* MeetingView.swift */,
				27DC8C9C2A6F28CE00AC07F6 /* ScrumsView.swift */,
				27DC8C9E2A7304A800AC07F6 /* DetailView.swift */,
				27C786272A7473F600540E6E /* DetailEditView.swift */,
				27C786292A75D38200540E6E /* ThemeView.swift */,
				27C7862B2A75D92F00540E6E /* ThemePicker.swift */,
				2752401C2A774CE300A4E91D /* MeetingHeaderView.swift */,
				27BEE5192A78C73200D23913 /* MeetingFooterView.swift */,
				27CBCC472A7C0C1F00BA0EF2 /* NewScrumSheet.swift */,
				2713DD9F2A81668E00F3C145 /* ErrorView.swift */,
			);
			path = Views;
			sourceTree = "<group>";
		};
		27DC8C932A6DE1CF00AC07F6 /* Models */ = {
			isa = PBXGroup;
			children = (
				277290592A7870620021187F /* ScrumTimer.swift */,
				27DC8C942A6DE1E600AC07F6 /* Theme.swift */,
				27DC8C962A6DE2FA00AC07F6 /* DailyScrum.swift */,
				27CBCC492A7C121C00BA0EF2 /* History.swift */,
				27CBCC4B2A7C171000BA0EF2 /* AVPlayer+Ding.swift */,
				27BC4FA52A7DE64F00B84F98 /* ScrumStore.swift */,
				2713DD9D2A81632600F3C145 /* ErrorWrapper.swift */,
			);
			path = Models;
			sourceTree = "<group>";
		};
		27E49FB02A7C40E700E5033E /* Resources */ = {
			isa = PBXGroup;
			children = (
				27E49FB12A7C40E700E5033E /* ding.wav */,
			);
			path = Resources;
			sourceTree = "<group>";
		};
		AAAE8013294793AB0099DABC = {
			isa = PBXGroup;
			children = (
				AAAE801E294793AB0099DABC /* Scrumdinger */,
				AAAE802F294794D40099DABC /* Configuration */,
				AAAE801D294793AB0099DABC /* Products */,
			);
			sourceTree = "<group>";
		};
		AAAE801D294793AB0099DABC /* Products */ = {
			isa = PBXGroup;
			children = (
				AAAE801C294793AB0099DABC /* Scrumdinger.app */,
			);
			name = Products;
			sourceTree = "<group>";
		};
		AAAE801E294793AB0099DABC /* Scrumdinger */ = {
			isa = PBXGroup;
			children = (
				27C786262A74739200540E6E /* Views */,
				27C786252A74737D00540E6E /* Styles */,
				27DC8C932A6DE1CF00AC07F6 /* Models */,
				AAAE801F294793AB0099DABC /* ScrumdingerApp.swift */,
				AAAE8023294793AB0099DABC /* Assets.xcassets */,
				27E49FB02A7C40E700E5033E /* Resources */,
				AAAE8025294793AB0099DABC /* Preview Content */,
			);
			path = Scrumdinger;
			sourceTree = "<group>";
		};
		AAAE8025294793AB0099DABC /* Preview Content */ = {
			isa = PBXGroup;
			children = (
				AAAE8026294793AB0099DABC /* Preview Assets.xcassets */,
			);
			path = "Preview Content";
			sourceTree = "<group>";
		};
		AAAE802F294794D40099DABC /* Configuration */ = {
			isa = PBXGroup;
			children = (
				AAAE8030294795050099DABC /* SampleCode.xcconfig */,
			);
			path = Configuration;
			sourceTree = "<group>";
		};
/* End PBXGroup section */

/* Begin PBXNativeTarget section */
		AAAE801B294793AB0099DABC /* Scrumdinger */ = {
			isa = PBXNativeTarget;
			buildConfigurationList = AAAE802A294793AB0099DABC /* Build configuration list for PBXNativeTarget "Scrumdinger" */;
			buildPhases = (
				AAAE8018294793AB0099DABC /* Sources */,
				AAAE8019294793AB0099DABC /* Frameworks */,
				AAAE801A294793AB0099DABC /* Resources */,
			);
			buildRules = (
			);
			dependencies = (
			);
			name = Scrumdinger;
			productName = Scrumdinger;
			productReference = AAAE801C294793AB0099DABC /* Scrumdinger.app */;
			productType = "com.apple.product-type.application";
		};
/* End PBXNativeTarget section */

/* Begin PBXProject section */
		AAAE8014294793AB0099DABC /* Project object */ = {
			isa = PBXProject;
			attributes = {
				BuildIndependentTargetsInParallel = 1;
				LastSwiftUpdateCheck = 1410;
				LastUpgradeCheck = 1500;
				TargetAttributes = {
					AAAE801B294793AB0099DABC = {
						CreatedOnToolsVersion = 14.1;
					};
				};
			};
			buildConfigurationList = AAAE8017294793AB0099DABC /* Build configuration list for PBXProject "Scrumdinger" */;
			compatibilityVersion = "Xcode 14.0";
			developmentRegion = en;
			hasScannedForEncodings = 0;
			knownRegions = (
				en,
				Base,
			);
			mainGroup = AAAE8013294793AB0099DABC;
			productRefGroup = AAAE801D294793AB0099DABC /* Products */;
			projectDirPath = "";
			projectRoot = "";
			targets = (
				AAAE801B294793AB0099DABC /* Scrumdinger */,
			);
		};
/* End PBXProject section */

/* Begin PBXResourcesBuildPhase section */
		AAAE801A294793AB0099DABC /* Resources */ = {
			isa = PBXResourcesBuildPhase;
			buildActionMask = 2147483647;
			files = (
				AAAE8027294793AB0099DABC /* Preview Assets.xcassets in Resources */,
				AAAE8024294793AB0099DABC /* Assets.xcassets in Resources */,
			);
			runOnlyForDeploymentPostprocessing = 0;
		};
/* End PBXResourcesBuildPhase section */

/* Begin PBXSourcesBuildPhase section */
		AAAE8018294793AB0099DABC /* Sources */ = {
			isa = PBXSourcesBuildPhase;
			buildActionMask = 2147483647;
			files = (
				27CBCC4A2A7C121C00BA0EF2 /* History.swift in Sources */,
				27C7862C2A75D92F00540E6E /* ThemePicker.swift in Sources */,
				277290582A786F200021187F /* ScrumProgressViewStyle.swift in Sources */,
				27BEE51A2A78C73200D23913 /* MeetingFooterView.swift in Sources */,
				2713DDA02A81668E00F3C145 /* ErrorView.swift in Sources */,
				2772905A2A7870620021187F /* ScrumTimer.swift in Sources */,
				27DC8C972A6DE2FA00AC07F6 /* DailyScrum.swift in Sources */,
				27BC4FA62A7DE64F00B84F98 /* ScrumStore.swift in Sources */,
				27DC8C9F2A7304A800AC07F6 /* DetailView.swift in Sources */,
				2713DD9E2A81632600F3C145 /* ErrorWrapper.swift in Sources */,
				27CBCC4C2A7C171000BA0EF2 /* AVPlayer+Ding.swift in Sources */,
				2752401D2A774CE300A4E91D /* MeetingHeaderView.swift in Sources */,
				27C786282A7473F600540E6E /* DetailEditView.swift in Sources */,
				27DC8C9B2A6DE6D400AC07F6 /* TrailingIconLabelStyle.swift in Sources */,
				27DC8C952A6DE1E600AC07F6 /* Theme.swift in Sources */,
				27DC8C9D2A6F28CE00AC07F6 /* ScrumsView.swift in Sources */,
				27CBCC482A7C0C1F00BA0EF2 /* NewScrumSheet.swift in Sources */,
				AAAE8022294793AB0099DABC /* MeetingView.swift in Sources */,
				AAAE8020294793AB0099DABC /* ScrumdingerApp.swift in Sources */,
				27C7862A2A75D38200540E6E /* ThemeView.swift in Sources */,
				27DC8C992A6DE41500AC07F6 /* CardView.swift in Sources */,
			);
			runOnlyForDeploymentPostprocessing = 0;
		};
/* End PBXSourcesBuildPhase section */

/* Begin XCBuildConfiguration section */
		AAAE8028294793AB0099DABC /* Debug */ = {
			isa = XCBuildConfiguration;
			baseConfigurationReference = AAAE8030294795050099DABC /* SampleCode.xcconfig */;
			buildSettings = {
				ALWAYS_SEARCH_USER_PATHS = NO;
				CLANG_ANALYZER_NONNULL = YES;
				CLANG_ANALYZER_NUMBER_OBJECT_CONVERSION = YES_AGGRESSIVE;
				CLANG_CXX_LANGUAGE_STANDARD = "gnu++20";
				CLANG_ENABLE_MODULES = YES;
				CLANG_ENABLE_OBJC_ARC = YES;
				CLANG_ENABLE_OBJC_WEAK = YES;
				CLANG_WARN_BLOCK_CAPTURE_AUTORELEASING = YES;
				CLANG_WARN_BOOL_CONVERSION = YES;
				CLANG_WARN_COMMA = YES;
				CLANG_WARN_CONSTANT_CONVERSION = YES;
				CLANG_WARN_DEPRECATED_OBJC_IMPLEMENTATIONS = YES;
				CLANG_WARN_DIRECT_OBJC_ISA_USAGE = YES_ERROR;
				CLANG_WARN_DOCUMENTATION_COMMENTS = YES;
				CLANG_WARN_EMPTY_BODY = YES;
				CLANG_WARN_ENUM_CONVERSION = YES;
				CLANG_WARN_INFINITE_RECURSION = YES;
				CLANG_WARN_INT_CONVERSION = YES;
				CLANG_WARN_NON_LITERAL_NULL_CONVERSION = YES;
				CLANG_WARN_OBJC_IMPLICIT_RETAIN_SELF = YES;
				CLANG_WARN_OBJC_LITERAL_CONVERSION = YES;
				CLANG_WARN_OBJC_ROOT_CLASS = YES_ERROR;
				CLANG_WARN_QUOTED_INCLUDE_IN_FRAMEWORK_HEADER = YES;
				CLANG_WARN_RANGE_LOOP_ANALYSIS = YES;
				CLANG_WARN_STRICT_PROTOTYPES = YES;
				CLANG_WARN_SUSPICIOUS_MOVE = YES;
				CLANG_WARN_UNGUARDED_AVAILABILITY = YES_AGGRESSIVE;
				CLANG_WARN_UNREACHABLE_CODE = YES;
				CLANG_WARN__DUPLICATE_METHOD_MATCH = YES;
				COPY_PHASE_STRIP = NO;
				DEBUG_INFORMATION_FORMAT = dwarf;
				ENABLE_STRICT_OBJC_MSGSEND = YES;
				ENABLE_TESTABILITY = YES;
				ENABLE_USER_SCRIPT_SANDBOXING = YES;
				GCC_C_LANGUAGE_STANDARD = gnu11;
				GCC_DYNAMIC_NO_PIC = NO;
				GCC_NO_COMMON_BLOCKS = YES;
				GCC_OPTIMIZATION_LEVEL = 0;
				GCC_PREPROCESSOR_DEFINITIONS = (
					"DEBUG=1",
					"$(inherited)",
				);
				GCC_WARN_64_TO_32_BIT_CONVERSION = YES;
				GCC_WARN_ABOUT_RETURN_TYPE = YES_ERROR;
				GCC_WARN_UNDECLARED_SELECTOR = YES;
				GCC_WARN_UNINITIALIZED_AUTOS = YES_AGGRESSIVE;
				GCC_WARN_UNUSED_FUNCTION = YES;
				GCC_WARN_UNUSED_VARIABLE = YES;
				IPHONEOS_DEPLOYMENT_TARGET = 17.0;
				MTL_ENABLE_DEBUG_INFO = INCLUDE_SOURCE;
				MTL_FAST_MATH = YES;
				ONLY_ACTIVE_ARCH = YES;
				SDKROOT = iphoneos;
				SWIFT_ACTIVE_COMPILATION_CONDITIONS = DEBUG;
				SWIFT_OPTIMIZATION_LEVEL = "-Onone";
			};
			name = Debug;
		};
		AAAE8029294793AB0099DABC /* Release */ = {
			isa = XCBuildConfiguration;
			baseConfigurationReference = AAAE8030294795050099DABC /* SampleCode.xcconfig */;
			buildSettings = {
				ALWAYS_SEARCH_USER_PATHS = NO;
				CLANG_ANALYZER_NONNULL = YES;
				CLANG_ANALYZER_NUMBER_OBJECT_CONVERSION = YES_AGGRESSIVE;
				CLANG_CXX_LANGUAGE_STANDARD = "gnu++20";
				CLANG_ENABLE_MODULES = YES;
				CLANG_ENABLE_OBJC_ARC = YES;
				CLANG_ENABLE_OBJC_WEAK = YES;
				CLANG_WARN_BLOCK_CAPTURE_AUTORELEASING = YES;
				CLANG_WARN_BOOL_CONVERSION = YES;
				CLANG_WARN_COMMA = YES;
				CLANG_WARN_CONSTANT_CONVERSION = YES;
				CLANG_WARN_DEPRECATED_OBJC_IMPLEMENTATIONS = YES;
				CLANG_WARN_DIRECT_OBJC_ISA_USAGE = YES_ERROR;
				CLANG_WARN_DOCUMENTATION_COMMENTS = YES;
				CLANG_WARN_EMPTY_BODY = YES;
				CLANG_WARN_ENUM_CONVERSION = YES;
				CLANG_WARN_INFINITE_RECURSION = YES;
				CLANG_WARN_INT_CONVERSION = YES;
				CLANG_WARN_NON_LITERAL_NULL_CONVERSION = YES;
				CLANG_WARN_OBJC_IMPLICIT_RETAIN_SELF = YES;
				CLANG_WARN_OBJC_LITERAL_CONVERSION = YES;
				CLANG_WARN_OBJC_ROOT_CLASS = YES_ERROR;
				CLANG_WARN_QUOTED_INCLUDE_IN_FRAMEWORK_HEADER = YES;
				CLANG_WARN_RANGE_LOOP_ANALYSIS = YES;
				CLANG_WARN_STRICT_PROTOTYPES = YES;
				CLANG_WARN_SUSPICIOUS_MOVE = YES;
				CLANG_WARN_UNGUARDED_AVAILABILITY = YES_AGGRESSIVE;
				CLANG_WARN_UNREACHABLE_CODE = YES;
				CLANG_WARN__DUPLICATE_METHOD_MATCH = YES;
				COPY_PHASE_STRIP = NO;
				DEBUG_INFORMATION_FORMAT = "dwarf-with-dsym";
				ENABLE_NS_ASSERTIONS = NO;
				ENABLE_STRICT_OBJC_MSGSEND = YES;
				ENABLE_USER_SCRIPT_SANDBOXING = YES;
				GCC_C_LANGUAGE_STANDARD = gnu11;
				GCC_NO_COMMON_BLOCKS = YES;
				GCC_WARN_64_TO_32_BIT_CONVERSION = YES;
				GCC_WARN_ABOUT_RETURN_TYPE = YES_ERROR;
				GCC_WARN_UNDECLARED_SELECTOR = YES;
				GCC_WARN_UNINITIALIZED_AUTOS = YES_AGGRESSIVE;
				GCC_WARN_UNUSED_FUNCTION = YES;
				GCC_WARN_UNUSED_VARIABLE = YES;
				IPHONEOS_DEPLOYMENT_TARGET = 17.0;
				MTL_ENABLE_DEBUG_INFO = NO;
				MTL_FAST_MATH = YES;
				SDKROOT = iphoneos;
				SWIFT_COMPILATION_MODE = wholemodule;
				SWIFT_OPTIMIZATION_LEVEL = "-O";
				VALIDATE_PRODUCT = YES;
			};
			name = Release;
		};
		AAAE802B294793AB0099DABC /* Debug */ = {
			isa = XCBuildConfiguration;
			baseConfigurationReference = AAAE8030294795050099DABC /* SampleCode.xcconfig */;
			buildSettings = {
				ASSETCATALOG_COMPILER_APPICON_NAME = AppIcon;
				ASSETCATALOG_COMPILER_GLOBAL_ACCENT_COLOR_NAME = AccentColor;
				CODE_SIGN_STYLE = Automatic;
				CURRENT_PROJECT_VERSION = 1;
				DEVELOPMENT_ASSET_PATHS = "\"Scrumdinger/Preview Content\"";
				DEVELOPMENT_TEAM = L9L8W9MRSP;
				ENABLE_PREVIEWS = YES;
				GENERATE_INFOPLIST_FILE = YES;
				INFOPLIST_KEY_UIApplicationSceneManifest_Generation = YES;
				INFOPLIST_KEY_UIApplicationSupportsIndirectInputEvents = YES;
				INFOPLIST_KEY_UILaunchScreen_Generation = YES;
				INFOPLIST_KEY_UISupportedInterfaceOrientations_iPad = "UIInterfaceOrientationPortrait UIInterfaceOrientationPortraitUpsideDown UIInterfaceOrientationLandscapeLeft UIInterfaceOrientationLandscapeRight";
				INFOPLIST_KEY_UISupportedInterfaceOrientations_iPhone = "UIInterfaceOrientationPortrait UIInterfaceOrientationLandscapeLeft UIInterfaceOrientationLandscapeRight";
				LD_RUNPATH_SEARCH_PATHS = (
					"$(inherited)",
					"@executable_path/Frameworks",
				);
				MARKETING_VERSION = 1.0;
				PRODUCT_BUNDLE_IDENTIFIER = com.alexulanch.Scrumdinger;
				PRODUCT_NAME = "$(TARGET_NAME)";
				SWIFT_EMIT_LOC_STRINGS = YES;
				SWIFT_VERSION = 5.0;
				TARGETED_DEVICE_FAMILY = "1,2";
			};
			name = Debug;
		};
		AAAE802C294793AB0099DABC /* Release */ = {
			isa = XCBuildConfiguration;
			baseConfigurationReference = AAAE8030294795050099DABC /* SampleCode.xcconfig */;
			buildSettings = {
				ASSETCATALOG_COMPILER_APPICON_NAME = AppIcon;
				ASSETCATALOG_COMPILER_GLOBAL_ACCENT_COLOR_NAME = AccentColor;
				CODE_SIGN_STYLE = Automatic;
				CURRENT_PROJECT_VERSION = 1;
				DEVELOPMENT_ASSET_PATHS = "\"Scrumdinger/Preview Content\"";
				DEVELOPMENT_TEAM = L9L8W9MRSP;
				ENABLE_PREVIEWS = YES;
				GENERATE_INFOPLIST_FILE = YES;
				INFOPLIST_KEY_UIApplicationSceneManifest_Generation = YES;
				INFOPLIST_KEY_UIApplicationSupportsIndirectInputEvents = YES;
				INFOPLIST_KEY_UILaunchScreen_Generation = YES;
				INFOPLIST_KEY_UISupportedInterfaceOrientations_iPad = "UIInterfaceOrientationPortrait UIInterfaceOrientationPortraitUpsideDown UIInterfaceOrientationLandscapeLeft UIInterfaceOrientationLandscapeRight";
				INFOPLIST_KEY_UISupportedInterfaceOrientations_iPhone = "UIInterfaceOrientationPortrait UIInterfaceOrientationLandscapeLeft UIInterfaceOrientationLandscapeRight";
				LD_RUNPATH_SEARCH_PATHS = (
					"$(inherited)",
					"@executable_path/Frameworks",
				);
				MARKETING_VERSION = 1.0;
				PRODUCT_BUNDLE_IDENTIFIER = com.alexulanch.Scrumdinger;
				PRODUCT_NAME = "$(TARGET_NAME)";
				SWIFT_EMIT_LOC_STRINGS = YES;
				SWIFT_VERSION = 5.0;
				TARGETED_DEVICE_FAMILY = "1,2";
			};
			name = Release;
		};
/* End XCBuildConfiguration section */

/* Begin XCConfigurationList section */
		AAAE8017294793AB0099DABC /* Build configuration list for PBXProject "Scrumdinger" */ = {
			isa = XCConfigurationList;
			buildConfigurations = (
				AAAE8028294793AB0099DABC /* Debug */,
				AAAE8029294793AB0099DABC /* Release */,
			);
			defaultConfigurationIsVisible = 0;
			defaultConfigurationName = Release;
		};
		AAAE802A294793AB0099DABC /* Build configuration list for PBXNativeTarget "Scrumdinger" */ = {
			isa = XCConfigurationList;
			buildConfigurations = (
				AAAE802B294793AB0099DABC /* Debug */,
				AAAE802C294793AB0099DABC /* Release */,
			);
			defaultConfigurationIsVisible = 0;
			defaultConfigurationName = Release;
		};
/* End XCConfigurationList section */
	};
	rootObject = AAAE8014294793AB0099DABC /* Project object */;
}
